PODS:
  - app_tracking_transparency (0.0.1):
    - Flutter
  - better_player_plus (1.0.0):
    - Cache (~> 6.0.0)
    - Flutter
    - GCDWebServer
    - HLSCachingReverseProxyServer
    - PINCache
  - byteark_player_flutter (0.0.1):
    - ByteArkPlayerSDK (~> 0.3.2)
    - ByteArkPlayerSDKAdsPlugin (~> 0.1.4)
    - ByteArkPlayerSDKLighthousePlugin (~> 0.1.6)
    - Flutter
  - ByteArkPlayerSDK (0.3.8)
  - ByteArkPlayerSDKAdsPlugin (0.1.5):
    - ByteArkPlayerSDK (~> 0.3.3)
    - GoogleAds-IMA-iOS-SDK (~> 3.24.0)
  - ByteArkPlayerSDKLighthousePlugin (0.1.7):
    - ByteArkPlayerSDK (~> 0.3.3)
    - LighthouseNativeSDK (~> 0.2.14)
  - Cache (6.0.0)
  - device_info_plus (0.0.1):
    - Flutter
  - Flutter (1.0.0)
  - flutter_inappwebview_ios (0.0.1):
    - Flutter
    - flutter_inappwebview_ios/Core (= 0.0.1)
    - OrderedSet (~> 6.0.3)
  - flutter_inappwebview_ios/Core (0.0.1):
    - Flutter
    - OrderedSet (~> 6.0.3)
  - flutter_native_splash (2.4.3):
    - Flutter
  - GCDWebServer (3.5.4):
    - GCDWebServer/Core (= 3.5.4)
  - GCDWebServer/Core (3.5.4)
  - GoogleAds-IMA-iOS-SDK (3.24.0)
  - HLSCachingReverseProxyServer (0.1.0):
    - GCDWebServer (~> 3.5)
    - PINCache (>= 3.0.1-beta.3)
  - LighthouseNativeSDK (0.2.15)
  - OrderedSet (6.0.3)
  - package_info_plus (0.4.5):
    - Flutter
  - path_provider_foundation (0.0.1):
    - Flutter
    - FlutterMacOS
  - permission_handler_apple (9.3.0):
    - Flutter
  - PINCache (3.0.4):
    - PINCache/Arc-exception-safe (= 3.0.4)
    - PINCache/Core (= 3.0.4)
  - PINCache/Arc-exception-safe (3.0.4):
    - PINCache/Core
  - PINCache/Core (3.0.4):
    - PINOperation (~> 1.2.3)
  - PINOperation (1.2.3)
  - shared_preferences_foundation (0.0.1):
    - Flutter
    - FlutterMacOS
  - sqflite_darwin (0.0.4):
    - Flutter
    - FlutterMacOS
  - url_launcher_ios (0.0.1):
    - Flutter
  - video_player_avfoundation (0.0.1):
    - Flutter
    - FlutterMacOS
  - wakelock_plus (0.0.1):
    - Flutter

DEPENDENCIES:
  - app_tracking_transparency (from `.symlinks/plugins/app_tracking_transparency/ios`)
  - better_player_plus (from `.symlinks/plugins/better_player_plus/ios`)
  - byteark_player_flutter (from `.symlinks/plugins/byteark_player_flutter/ios`)
  - device_info_plus (from `.symlinks/plugins/device_info_plus/ios`)
  - Flutter (from `Flutter`)
  - flutter_inappwebview_ios (from `.symlinks/plugins/flutter_inappwebview_ios/ios`)
  - flutter_native_splash (from `.symlinks/plugins/flutter_native_splash/ios`)
  - package_info_plus (from `.symlinks/plugins/package_info_plus/ios`)
  - path_provider_foundation (from `.symlinks/plugins/path_provider_foundation/darwin`)
  - permission_handler_apple (from `.symlinks/plugins/permission_handler_apple/ios`)
  - shared_preferences_foundation (from `.symlinks/plugins/shared_preferences_foundation/darwin`)
  - sqflite_darwin (from `.symlinks/plugins/sqflite_darwin/darwin`)
  - url_launcher_ios (from `.symlinks/plugins/url_launcher_ios/ios`)
  - video_player_avfoundation (from `.symlinks/plugins/video_player_avfoundation/darwin`)
  - wakelock_plus (from `.symlinks/plugins/wakelock_plus/ios`)

SPEC REPOS:
  https://github.com/byteark/byteark-player-sdk-ios-specs.git:
    - ByteArkPlayerSDK
    - ByteArkPlayerSDKAdsPlugin
    - ByteArkPlayerSDKLighthousePlugin
  https://github.com/byteark/lighthouse-sdk-native-ios-specs.git:
    - LighthouseNativeSDK
  https://github.com/CocoaPods/Specs.git:
    - Cache
    - GCDWebServer
    - GoogleAds-IMA-iOS-SDK
    - HLSCachingReverseProxyServer
    - OrderedSet
    - PINCache
    - PINOperation

EXTERNAL SOURCES:
  app_tracking_transparency:
    :path: ".symlinks/plugins/app_tracking_transparency/ios"
  better_player_plus:
    :path: ".symlinks/plugins/better_player_plus/ios"
  byteark_player_flutter:
    :path: ".symlinks/plugins/byteark_player_flutter/ios"
  device_info_plus:
    :path: ".symlinks/plugins/device_info_plus/ios"
  Flutter:
    :path: Flutter
  flutter_inappwebview_ios:
    :path: ".symlinks/plugins/flutter_inappwebview_ios/ios"
  flutter_native_splash:
    :path: ".symlinks/plugins/flutter_native_splash/ios"
  package_info_plus:
    :path: ".symlinks/plugins/package_info_plus/ios"
  path_provider_foundation:
    :path: ".symlinks/plugins/path_provider_foundation/darwin"
  permission_handler_apple:
    :path: ".symlinks/plugins/permission_handler_apple/ios"
  shared_preferences_foundation:
    :path: ".symlinks/plugins/shared_preferences_foundation/darwin"
  sqflite_darwin:
    :path: ".symlinks/plugins/sqflite_darwin/darwin"
  url_launcher_ios:
    :path: ".symlinks/plugins/url_launcher_ios/ios"
  video_player_avfoundation:
    :path: ".symlinks/plugins/video_player_avfoundation/darwin"
  wakelock_plus:
    :path: ".symlinks/plugins/wakelock_plus/ios"

SPEC CHECKSUMS:
  app_tracking_transparency: 3d84f147f67ca82d3c15355c36b1fa6b66ca7c92
  better_player_plus: 10794c0ed1b3b4ae058939e22a6172f850a2039b
  byteark_player_flutter: 072379e8520cd1031a36060db03fb21a56383d52
  ByteArkPlayerSDK: 789b9f332b5d4f3e8bab98b86122597051592d0f
  ByteArkPlayerSDKAdsPlugin: 48954af274f8c927b7cd2f32a36103bff7089f59
  ByteArkPlayerSDKLighthousePlugin: 10c6f2e6b2e8c7eb691e6a0d9a3051ca4c57faa7
  Cache: 4ca7e00363fca5455f26534e5607634c820ffc2d
  device_info_plus: 21fcca2080fbcd348be798aa36c3e5ed849eefbe
  Flutter: e0871f40cf51350855a761d2e70bf5af5b9b5de7
  flutter_inappwebview_ios: b89ba3482b96fb25e00c967aae065701b66e9b99
  flutter_native_splash: c32d145d68aeda5502d5f543ee38c192065986cf
  GCDWebServer: 2c156a56c8226e2d5c0c3f208a3621ccffbe3ce4
  GoogleAds-IMA-iOS-SDK: bf4dc86b31a1d1b27021008200bbeb6faa689901
  HLSCachingReverseProxyServer: 59935e1e0244ad7f3375d75b5ef46e8eb26ab181
  LighthouseNativeSDK: fad815a110ec206d10bf8398674a1c2474a7054c
  OrderedSet: e539b66b644ff081c73a262d24ad552a69be3a94
  package_info_plus: af8e2ca6888548050f16fa2f1938db7b5a5df499
  path_provider_foundation: 080d55be775b7414fd5a5ef3ac137b97b097e564
  permission_handler_apple: 4ed2196e43d0651e8ff7ca3483a069d469701f2d
  PINCache: d9a87a0ff397acffe9e2f0db972ac14680441158
  PINOperation: fb563bcc9c32c26d6c78aaff967d405aa2ee74a7
  shared_preferences_foundation: 9e1978ff2562383bd5676f64ec4e9aa8fa06a6f7
  sqflite_darwin: 20b2a3a3b70e43edae938624ce550a3cbf66a3d0
  url_launcher_ios: 694010445543906933d732453a59da0a173ae33d
  video_player_avfoundation: 2cef49524dd1f16c5300b9cd6efd9611ce03639b
  wakelock_plus: e29112ab3ef0b318e58cfa5c32326458be66b556

PODFILE CHECKSUM: 9c40ee78f3333627f548cc061533b1be30e9de0f

COCOAPODS: 1.16.2
